<?xml version="1.0" encoding="utf-8"?>
<Project ToolsVersion="17.0" xmlns="http://schemas.microsoft.com/developer/msbuild/2003">
  <ItemGroup>
    <CustomBuild Include="E:\Dokumente\FH Emden Leer\2022 - Medieninformatik Master\1. Semester\Moderne Softwareentwicklung\EA6 - Build Tools\Application\TicTacToe\CMakeLists.txt" />
  </ItemGroup>
  <ItemGroup>
  </ItemGroup>
</Project>
