<?xml version="1.0" encoding="utf-8"?>
<Project ToolsVersion="17.0" xmlns="http://schemas.microsoft.com/developer/msbuild/2003">
  <ItemGroup>
    <ClCompile Include="E:\Dokumente\FH Emden Leer\2022 - Medieninformatik Master\1. Semester\Moderne Softwareentwicklung\EA6 - Build Tools\Application\TicTacToe\TicTacToe\TicTacToe.cpp">
      <Filter>Source Files</Filter>
    </ClCompile>
    <ClCompile Include="E:\Dokumente\FH Emden Leer\2022 - Medieninformatik Master\1. Semester\Moderne Softwareentwicklung\EA6 - Build Tools\Application\TicTacToe\TicTacToe\GameBoard.cpp">
      <Filter>Source Files</Filter>
    </ClCompile>
    <ClCompile Include="E:\Dokumente\FH Emden Leer\2022 - Medieninformatik Master\1. Semester\Moderne Softwareentwicklung\EA6 - Build Tools\Application\TicTacToe\TicTacToe\Player.cpp">
      <Filter>Source Files</Filter>
    </ClCompile>
  </ItemGroup>
  <ItemGroup>
    <CustomBuild Include="E:\Dokumente\FH Emden Leer\2022 - Medieninformatik Master\1. Semester\Moderne Softwareentwicklung\EA6 - Build Tools\Application\TicTacToe\CMakeLists.txt" />
  </ItemGroup>
  <ItemGroup>
    <Filter Include="Source Files">
      <UniqueIdentifier>{AF8FB5FE-DC1D-37FA-8AA8-05DBEFFAA3FA}</UniqueIdentifier>
    </Filter>
  </ItemGroup>
</Project>
